
Microsoft Visual Studio Solution File, Format Version 12.00
# Visual Studio 2013
VisualStudioVersion = 12.0.21005.1
MinimumVisualStudioVersion = 10.0.40219.1
Project("{2150E333-8FDC-42A3-9474-1A3956D46DE8}") = "OtherDocs", "OtherDocs", "{0D38A3A9-1AE9-4984-A412-D395D2666ECC}"
	ProjectSection(SolutionItems) = preProject
		DistFiles\about.htm = DistFiles\about.htm
		build\build.common.proj = build\build.common.proj
		src\CommonAssemblyInfo.cs = src\CommonAssemblyInfo.cs
		build\FLExBridge.build.mono.proj = build\FLExBridge.build.mono.proj
		build\FLExBridge.build.win.proj = build\FLExBridge.build.win.proj
		src\Installer\Installer.wixproj = src\Installer\Installer.wixproj
		src\Installer\Installer.wxs = src\Installer\Installer.wxs
		build\TestInstallerBuild.bat = build\TestInstallerBuild.bat
	EndProjectSection
EndProject
Project("{FAE04EC0-301F-11D3-BF4B-00C04F79EFBC}") = "FwdataTestApp", "src\FwdataNester\FwdataTestApp.csproj", "{C036E79E-49D8-4AB3-BB9A-792C514A817F}"
EndProject
Project("{FAE04EC0-301F-11D3-BF4B-00C04F79EFBC}") = "TriboroughBridge-ChorusPlugin", "src\TriboroughBridge-ChorusPlugin\TriboroughBridge-ChorusPlugin.csproj", "{8F9F6C42-2BB6-49E1-831D-7414CA411845}"
EndProject
Project("{FAE04EC0-301F-11D3-BF4B-00C04F79EFBC}") = "TriboroughBridge-ChorusPluginTests", "src\TriboroughBridge-ChorusPluginTests\TriboroughBridge-ChorusPluginTests.csproj", "{88C35B4A-6925-45D7-97A4-E4DC4A59731F}"
EndProject
Project("{FAE04EC0-301F-11D3-BF4B-00C04F79EFBC}") = "LibFLExBridge-ChorusPlugin", "src\LibFLExBridge-ChorusPlugin\LibFLExBridge-ChorusPlugin.csproj", "{67DCA42D-0666-4BDB-BF7B-F3FAB2A6EFED}"
EndProject
Project("{FAE04EC0-301F-11D3-BF4B-00C04F79EFBC}") = "LibFLExBridge-ChorusPluginTests", "src\LibFLExBridge-ChorusPluginTests\LibFLExBridge-ChorusPluginTests.csproj", "{D8929836-9B5D-4103-82AE-92ADC802592A}"
EndProject
Project("{FAE04EC0-301F-11D3-BF4B-00C04F79EFBC}") = "LibTriboroughBridge-ChorusPlugin", "src\LibTriboroughBridge-ChorusPlugin\LibTriboroughBridge-ChorusPlugin.csproj", "{8E6DD218-7BA1-4119-82D2-535C05A0923C}"
EndProject
Project("{FAE04EC0-301F-11D3-BF4B-00C04F79EFBC}") = "TheTurtle", "src\TheTurtle\TheTurtle.csproj", "{45349DFD-121A-423A-ACFF-C2FA1BFF61E3}"
EndProject
Project("{FAE04EC0-301F-11D3-BF4B-00C04F79EFBC}") = "TheTurtleTests", "src\TheTurtleTests\TheTurtleTests.csproj", "{D9C37AF7-7089-420F-902C-8AEC55DAE498}"
EndProject
Global
	GlobalSection(SolutionConfigurationPlatforms) = preSolution
		Debug|Any CPU = Debug|Any CPU
		Debug|Mixed Platforms = Debug|Mixed Platforms
		Debug|x86 = Debug|x86
		DebugMono|Any CPU = DebugMono|Any CPU
		DebugMono|Mixed Platforms = DebugMono|Mixed Platforms
		DebugMono|x86 = DebugMono|x86
		Release|Any CPU = Release|Any CPU
		Release|Mixed Platforms = Release|Mixed Platforms
		Release|x86 = Release|x86
		ReleaseMono|Any CPU = ReleaseMono|Any CPU
		ReleaseMono|Mixed Platforms = ReleaseMono|Mixed Platforms
		ReleaseMono|x86 = ReleaseMono|x86
	EndGlobalSection
	GlobalSection(ProjectConfigurationPlatforms) = postSolution
		{C036E79E-49D8-4AB3-BB9A-792C514A817F}.Debug|Any CPU.ActiveCfg = Debug|Any CPU
		{C036E79E-49D8-4AB3-BB9A-792C514A817F}.Debug|Any CPU.Build.0 = Debug|Any CPU
		{C036E79E-49D8-4AB3-BB9A-792C514A817F}.Debug|Mixed Platforms.ActiveCfg = Debug|Any CPU
		{C036E79E-49D8-4AB3-BB9A-792C514A817F}.Debug|Mixed Platforms.Build.0 = Debug|Any CPU
		{C036E79E-49D8-4AB3-BB9A-792C514A817F}.Debug|x86.ActiveCfg = Debug|Any CPU
		{C036E79E-49D8-4AB3-BB9A-792C514A817F}.DebugMono|Any CPU.ActiveCfg = DebugMono|Any CPU
		{C036E79E-49D8-4AB3-BB9A-792C514A817F}.DebugMono|Any CPU.Build.0 = DebugMono|Any CPU
		{C036E79E-49D8-4AB3-BB9A-792C514A817F}.DebugMono|Mixed Platforms.ActiveCfg = DebugMono|Any CPU
		{C036E79E-49D8-4AB3-BB9A-792C514A817F}.DebugMono|Mixed Platforms.Build.0 = DebugMono|Any CPU
		{C036E79E-49D8-4AB3-BB9A-792C514A817F}.DebugMono|x86.ActiveCfg = DebugMono|Any CPU
		{C036E79E-49D8-4AB3-BB9A-792C514A817F}.Release|Any CPU.ActiveCfg = Release|Any CPU
		{C036E79E-49D8-4AB3-BB9A-792C514A817F}.Release|Any CPU.Build.0 = Release|Any CPU
		{C036E79E-49D8-4AB3-BB9A-792C514A817F}.Release|Mixed Platforms.ActiveCfg = Release|Any CPU
		{C036E79E-49D8-4AB3-BB9A-792C514A817F}.Release|Mixed Platforms.Build.0 = Release|Any CPU
		{C036E79E-49D8-4AB3-BB9A-792C514A817F}.Release|x86.ActiveCfg = Release|Any CPU
		{C036E79E-49D8-4AB3-BB9A-792C514A817F}.ReleaseMono|Any CPU.ActiveCfg = ReleaseMono|Any CPU
		{C036E79E-49D8-4AB3-BB9A-792C514A817F}.ReleaseMono|Any CPU.Build.0 = ReleaseMono|Any CPU
		{C036E79E-49D8-4AB3-BB9A-792C514A817F}.ReleaseMono|Mixed Platforms.ActiveCfg = ReleaseMono|Any CPU
		{C036E79E-49D8-4AB3-BB9A-792C514A817F}.ReleaseMono|Mixed Platforms.Build.0 = ReleaseMono|Any CPU
		{C036E79E-49D8-4AB3-BB9A-792C514A817F}.ReleaseMono|x86.ActiveCfg = ReleaseMono|Any CPU
		{8F9F6C42-2BB6-49E1-831D-7414CA411845}.Debug|Any CPU.ActiveCfg = Debug|Any CPU
		{8F9F6C42-2BB6-49E1-831D-7414CA411845}.Debug|Any CPU.Build.0 = Debug|Any CPU
		{8F9F6C42-2BB6-49E1-831D-7414CA411845}.Debug|Mixed Platforms.ActiveCfg = Debug|Any CPU
		{8F9F6C42-2BB6-49E1-831D-7414CA411845}.Debug|Mixed Platforms.Build.0 = Debug|Any CPU
		{8F9F6C42-2BB6-49E1-831D-7414CA411845}.Debug|x86.ActiveCfg = Debug|Any CPU
		{8F9F6C42-2BB6-49E1-831D-7414CA411845}.DebugMono|Any CPU.ActiveCfg = DebugMono|Any CPU
		{8F9F6C42-2BB6-49E1-831D-7414CA411845}.DebugMono|Any CPU.Build.0 = DebugMono|Any CPU
		{8F9F6C42-2BB6-49E1-831D-7414CA411845}.DebugMono|Mixed Platforms.ActiveCfg = DebugMono|Any CPU
		{8F9F6C42-2BB6-49E1-831D-7414CA411845}.DebugMono|Mixed Platforms.Build.0 = DebugMono|Any CPU
		{8F9F6C42-2BB6-49E1-831D-7414CA411845}.DebugMono|x86.ActiveCfg = DebugMono|Any CPU
		{8F9F6C42-2BB6-49E1-831D-7414CA411845}.Release|Any CPU.ActiveCfg = Release|Any CPU
		{8F9F6C42-2BB6-49E1-831D-7414CA411845}.Release|Any CPU.Build.0 = Release|Any CPU
		{8F9F6C42-2BB6-49E1-831D-7414CA411845}.Release|Mixed Platforms.ActiveCfg = Release|Any CPU
		{8F9F6C42-2BB6-49E1-831D-7414CA411845}.Release|Mixed Platforms.Build.0 = Release|Any CPU
		{8F9F6C42-2BB6-49E1-831D-7414CA411845}.Release|x86.ActiveCfg = Release|Any CPU
		{8F9F6C42-2BB6-49E1-831D-7414CA411845}.ReleaseMono|Any CPU.ActiveCfg = ReleaseMono|Any CPU
		{8F9F6C42-2BB6-49E1-831D-7414CA411845}.ReleaseMono|Any CPU.Build.0 = ReleaseMono|Any CPU
		{8F9F6C42-2BB6-49E1-831D-7414CA411845}.ReleaseMono|Mixed Platforms.ActiveCfg = ReleaseMono|Any CPU
		{8F9F6C42-2BB6-49E1-831D-7414CA411845}.ReleaseMono|Mixed Platforms.Build.0 = ReleaseMono|Any CPU
		{8F9F6C42-2BB6-49E1-831D-7414CA411845}.ReleaseMono|x86.ActiveCfg = ReleaseMono|Any CPU
		{88C35B4A-6925-45D7-97A4-E4DC4A59731F}.Debug|Any CPU.ActiveCfg = Debug|Any CPU
		{88C35B4A-6925-45D7-97A4-E4DC4A59731F}.Debug|Any CPU.Build.0 = Debug|Any CPU
		{88C35B4A-6925-45D7-97A4-E4DC4A59731F}.Debug|Mixed Platforms.ActiveCfg = Debug|Any CPU
		{88C35B4A-6925-45D7-97A4-E4DC4A59731F}.Debug|Mixed Platforms.Build.0 = Debug|Any CPU
		{88C35B4A-6925-45D7-97A4-E4DC4A59731F}.Debug|x86.ActiveCfg = Debug|Any CPU
		{88C35B4A-6925-45D7-97A4-E4DC4A59731F}.DebugMono|Any CPU.ActiveCfg = DebugMono|Any CPU
		{88C35B4A-6925-45D7-97A4-E4DC4A59731F}.DebugMono|Any CPU.Build.0 = DebugMono|Any CPU
		{88C35B4A-6925-45D7-97A4-E4DC4A59731F}.DebugMono|Mixed Platforms.ActiveCfg = DebugMono|Any CPU
		{88C35B4A-6925-45D7-97A4-E4DC4A59731F}.DebugMono|Mixed Platforms.Build.0 = DebugMono|Any CPU
		{88C35B4A-6925-45D7-97A4-E4DC4A59731F}.DebugMono|x86.ActiveCfg = DebugMono|Any CPU
		{88C35B4A-6925-45D7-97A4-E4DC4A59731F}.Release|Any CPU.ActiveCfg = Release|Any CPU
		{88C35B4A-6925-45D7-97A4-E4DC4A59731F}.Release|Any CPU.Build.0 = Release|Any CPU
		{88C35B4A-6925-45D7-97A4-E4DC4A59731F}.Release|Mixed Platforms.ActiveCfg = Release|Any CPU
		{88C35B4A-6925-45D7-97A4-E4DC4A59731F}.Release|Mixed Platforms.Build.0 = Release|Any CPU
		{88C35B4A-6925-45D7-97A4-E4DC4A59731F}.Release|x86.ActiveCfg = Release|Any CPU
		{88C35B4A-6925-45D7-97A4-E4DC4A59731F}.ReleaseMono|Any CPU.ActiveCfg = ReleaseMono|Any CPU
		{88C35B4A-6925-45D7-97A4-E4DC4A59731F}.ReleaseMono|Any CPU.Build.0 = ReleaseMono|Any CPU
		{88C35B4A-6925-45D7-97A4-E4DC4A59731F}.ReleaseMono|Mixed Platforms.ActiveCfg = ReleaseMono|Any CPU
		{88C35B4A-6925-45D7-97A4-E4DC4A59731F}.ReleaseMono|Mixed Platforms.Build.0 = ReleaseMono|Any CPU
		{88C35B4A-6925-45D7-97A4-E4DC4A59731F}.ReleaseMono|x86.ActiveCfg = ReleaseMono|Any CPU
		{67DCA42D-0666-4BDB-BF7B-F3FAB2A6EFED}.Debug|Any CPU.ActiveCfg = Debug|Any CPU
		{67DCA42D-0666-4BDB-BF7B-F3FAB2A6EFED}.Debug|Any CPU.Build.0 = Debug|Any CPU
		{67DCA42D-0666-4BDB-BF7B-F3FAB2A6EFED}.Debug|Mixed Platforms.ActiveCfg = Debug|Any CPU
		{67DCA42D-0666-4BDB-BF7B-F3FAB2A6EFED}.Debug|Mixed Platforms.Build.0 = Debug|Any CPU
		{67DCA42D-0666-4BDB-BF7B-F3FAB2A6EFED}.Debug|x86.ActiveCfg = Debug|Any CPU
		{67DCA42D-0666-4BDB-BF7B-F3FAB2A6EFED}.DebugMono|Any CPU.ActiveCfg = DebugMono|Any CPU
		{67DCA42D-0666-4BDB-BF7B-F3FAB2A6EFED}.DebugMono|Any CPU.Build.0 = DebugMono|Any CPU
		{67DCA42D-0666-4BDB-BF7B-F3FAB2A6EFED}.DebugMono|Mixed Platforms.ActiveCfg = DebugMono|Any CPU
		{67DCA42D-0666-4BDB-BF7B-F3FAB2A6EFED}.DebugMono|Mixed Platforms.Build.0 = DebugMono|Any CPU
		{67DCA42D-0666-4BDB-BF7B-F3FAB2A6EFED}.DebugMono|x86.ActiveCfg = DebugMono|Any CPU
		{67DCA42D-0666-4BDB-BF7B-F3FAB2A6EFED}.Release|Any CPU.ActiveCfg = Release|Any CPU
		{67DCA42D-0666-4BDB-BF7B-F3FAB2A6EFED}.Release|Any CPU.Build.0 = Release|Any CPU
		{67DCA42D-0666-4BDB-BF7B-F3FAB2A6EFED}.Release|Mixed Platforms.ActiveCfg = Release|Any CPU
		{67DCA42D-0666-4BDB-BF7B-F3FAB2A6EFED}.Release|Mixed Platforms.Build.0 = Release|Any CPU
		{67DCA42D-0666-4BDB-BF7B-F3FAB2A6EFED}.Release|x86.ActiveCfg = Release|Any CPU
		{67DCA42D-0666-4BDB-BF7B-F3FAB2A6EFED}.ReleaseMono|Any CPU.ActiveCfg = ReleaseMono|Any CPU
		{67DCA42D-0666-4BDB-BF7B-F3FAB2A6EFED}.ReleaseMono|Any CPU.Build.0 = ReleaseMono|Any CPU
		{67DCA42D-0666-4BDB-BF7B-F3FAB2A6EFED}.ReleaseMono|Mixed Platforms.ActiveCfg = ReleaseMono|Any CPU
		{67DCA42D-0666-4BDB-BF7B-F3FAB2A6EFED}.ReleaseMono|Mixed Platforms.Build.0 = ReleaseMono|Any CPU
		{67DCA42D-0666-4BDB-BF7B-F3FAB2A6EFED}.ReleaseMono|x86.ActiveCfg = ReleaseMono|Any CPU
		{D8929836-9B5D-4103-82AE-92ADC802592A}.Debug|Any CPU.ActiveCfg = Debug|Any CPU
		{D8929836-9B5D-4103-82AE-92ADC802592A}.Debug|Any CPU.Build.0 = Debug|Any CPU
		{D8929836-9B5D-4103-82AE-92ADC802592A}.Debug|Mixed Platforms.ActiveCfg = Debug|Any CPU
		{D8929836-9B5D-4103-82AE-92ADC802592A}.Debug|Mixed Platforms.Build.0 = Debug|Any CPU
		{D8929836-9B5D-4103-82AE-92ADC802592A}.Debug|x86.ActiveCfg = Debug|Any CPU
		{D8929836-9B5D-4103-82AE-92ADC802592A}.DebugMono|Any CPU.ActiveCfg = DebugMono|Any CPU
		{D8929836-9B5D-4103-82AE-92ADC802592A}.DebugMono|Any CPU.Build.0 = DebugMono|Any CPU
		{D8929836-9B5D-4103-82AE-92ADC802592A}.DebugMono|Mixed Platforms.ActiveCfg = DebugMono|Any CPU
		{D8929836-9B5D-4103-82AE-92ADC802592A}.DebugMono|Mixed Platforms.Build.0 = DebugMono|Any CPU
		{D8929836-9B5D-4103-82AE-92ADC802592A}.DebugMono|x86.ActiveCfg = DebugMono|Any CPU
		{D8929836-9B5D-4103-82AE-92ADC802592A}.Release|Any CPU.ActiveCfg = Release|Any CPU
		{D8929836-9B5D-4103-82AE-92ADC802592A}.Release|Any CPU.Build.0 = Release|Any CPU
		{D8929836-9B5D-4103-82AE-92ADC802592A}.Release|Mixed Platforms.ActiveCfg = Release|Any CPU
		{D8929836-9B5D-4103-82AE-92ADC802592A}.Release|Mixed Platforms.Build.0 = Release|Any CPU
		{D8929836-9B5D-4103-82AE-92ADC802592A}.Release|x86.ActiveCfg = Release|Any CPU
		{D8929836-9B5D-4103-82AE-92ADC802592A}.ReleaseMono|Any CPU.ActiveCfg = ReleaseMono|Any CPU
		{D8929836-9B5D-4103-82AE-92ADC802592A}.ReleaseMono|Any CPU.Build.0 = ReleaseMono|Any CPU
		{D8929836-9B5D-4103-82AE-92ADC802592A}.ReleaseMono|Mixed Platforms.ActiveCfg = ReleaseMono|Any CPU
		{D8929836-9B5D-4103-82AE-92ADC802592A}.ReleaseMono|Mixed Platforms.Build.0 = ReleaseMono|Any CPU
		{D8929836-9B5D-4103-82AE-92ADC802592A}.ReleaseMono|x86.ActiveCfg = ReleaseMono|Any CPU
		{8E6DD218-7BA1-4119-82D2-535C05A0923C}.Debug|Any CPU.ActiveCfg = Debug|Any CPU
		{8E6DD218-7BA1-4119-82D2-535C05A0923C}.Debug|Any CPU.Build.0 = Debug|Any CPU
		{8E6DD218-7BA1-4119-82D2-535C05A0923C}.Debug|Mixed Platforms.ActiveCfg = Debug|Any CPU
		{8E6DD218-7BA1-4119-82D2-535C05A0923C}.Debug|Mixed Platforms.Build.0 = Debug|Any CPU
		{8E6DD218-7BA1-4119-82D2-535C05A0923C}.Debug|x86.ActiveCfg = Debug|Any CPU
		{8E6DD218-7BA1-4119-82D2-535C05A0923C}.DebugMono|Any CPU.ActiveCfg = DebugMono|Any CPU
		{8E6DD218-7BA1-4119-82D2-535C05A0923C}.DebugMono|Any CPU.Build.0 = DebugMono|Any CPU
		{8E6DD218-7BA1-4119-82D2-535C05A0923C}.DebugMono|Mixed Platforms.ActiveCfg = DebugMono|Any CPU
		{8E6DD218-7BA1-4119-82D2-535C05A0923C}.DebugMono|Mixed Platforms.Build.0 = DebugMono|Any CPU
		{8E6DD218-7BA1-4119-82D2-535C05A0923C}.DebugMono|x86.ActiveCfg = DebugMono|Any CPU
		{8E6DD218-7BA1-4119-82D2-535C05A0923C}.Release|Any CPU.ActiveCfg = Release|Any CPU
		{8E6DD218-7BA1-4119-82D2-535C05A0923C}.Release|Any CPU.Build.0 = Release|Any CPU
		{8E6DD218-7BA1-4119-82D2-535C05A0923C}.Release|Mixed Platforms.ActiveCfg = Release|Any CPU
		{8E6DD218-7BA1-4119-82D2-535C05A0923C}.Release|Mixed Platforms.Build.0 = Release|Any CPU
		{8E6DD218-7BA1-4119-82D2-535C05A0923C}.Release|x86.ActiveCfg = Release|Any CPU
		{8E6DD218-7BA1-4119-82D2-535C05A0923C}.ReleaseMono|Any CPU.ActiveCfg = ReleaseMono|Any CPU
		{8E6DD218-7BA1-4119-82D2-535C05A0923C}.ReleaseMono|Any CPU.Build.0 = ReleaseMono|Any CPU
		{8E6DD218-7BA1-4119-82D2-535C05A0923C}.ReleaseMono|Mixed Platforms.ActiveCfg = ReleaseMono|Any CPU
		{8E6DD218-7BA1-4119-82D2-535C05A0923C}.ReleaseMono|Mixed Platforms.Build.0 = ReleaseMono|Any CPU
		{8E6DD218-7BA1-4119-82D2-535C05A0923C}.ReleaseMono|x86.ActiveCfg = ReleaseMono|Any CPU
		{45349DFD-121A-423A-ACFF-C2FA1BFF61E3}.Debug|Any CPU.ActiveCfg = Debug|Any CPU
		{45349DFD-121A-423A-ACFF-C2FA1BFF61E3}.Debug|Any CPU.Build.0 = Debug|Any CPU
		{45349DFD-121A-423A-ACFF-C2FA1BFF61E3}.Debug|Mixed Platforms.ActiveCfg = Debug|x86
		{45349DFD-121A-423A-ACFF-C2FA1BFF61E3}.Debug|Mixed Platforms.Build.0 = Debug|x86
		{45349DFD-121A-423A-ACFF-C2FA1BFF61E3}.Debug|x86.ActiveCfg = Debug|x86
		{45349DFD-121A-423A-ACFF-C2FA1BFF61E3}.Debug|x86.Build.0 = Debug|x86
		{45349DFD-121A-423A-ACFF-C2FA1BFF61E3}.DebugMono|Any CPU.ActiveCfg = DebugMono|Any CPU
		{45349DFD-121A-423A-ACFF-C2FA1BFF61E3}.DebugMono|Any CPU.Build.0 = DebugMono|Any CPU
		{45349DFD-121A-423A-ACFF-C2FA1BFF61E3}.DebugMono|Mixed Platforms.ActiveCfg = DebugMono|x86
		{45349DFD-121A-423A-ACFF-C2FA1BFF61E3}.DebugMono|Mixed Platforms.Build.0 = DebugMono|x86
		{45349DFD-121A-423A-ACFF-C2FA1BFF61E3}.DebugMono|x86.ActiveCfg = DebugMono|x86
		{45349DFD-121A-423A-ACFF-C2FA1BFF61E3}.DebugMono|x86.Build.0 = DebugMono|x86
		{45349DFD-121A-423A-ACFF-C2FA1BFF61E3}.Release|Any CPU.ActiveCfg = Release|Any CPU
		{45349DFD-121A-423A-ACFF-C2FA1BFF61E3}.Release|Any CPU.Build.0 = Release|Any CPU
		{45349DFD-121A-423A-ACFF-C2FA1BFF61E3}.Release|Mixed Platforms.ActiveCfg = Release|x86
		{45349DFD-121A-423A-ACFF-C2FA1BFF61E3}.Release|Mixed Platforms.Build.0 = Release|x86
		{45349DFD-121A-423A-ACFF-C2FA1BFF61E3}.Release|x86.ActiveCfg = Release|x86
		{45349DFD-121A-423A-ACFF-C2FA1BFF61E3}.Release|x86.Build.0 = Release|x86
		{45349DFD-121A-423A-ACFF-C2FA1BFF61E3}.ReleaseMono|Any CPU.ActiveCfg = ReleaseMono|Any CPU
		{45349DFD-121A-423A-ACFF-C2FA1BFF61E3}.ReleaseMono|Any CPU.Build.0 = ReleaseMono|Any CPU
		{45349DFD-121A-423A-ACFF-C2FA1BFF61E3}.ReleaseMono|Mixed Platforms.ActiveCfg = ReleaseMono|x86
		{45349DFD-121A-423A-ACFF-C2FA1BFF61E3}.ReleaseMono|Mixed Platforms.Build.0 = ReleaseMono|x86
		{45349DFD-121A-423A-ACFF-C2FA1BFF61E3}.ReleaseMono|x86.ActiveCfg = ReleaseMono|x86
		{45349DFD-121A-423A-ACFF-C2FA1BFF61E3}.ReleaseMono|x86.Build.0 = ReleaseMono|x86
		{D9C37AF7-7089-420F-902C-8AEC55DAE498}.Debug|Any CPU.ActiveCfg = Debug|Any CPU
		{D9C37AF7-7089-420F-902C-8AEC55DAE498}.Debug|Any CPU.Build.0 = Debug|Any CPU
		{D9C37AF7-7089-420F-902C-8AEC55DAE498}.Debug|Mixed Platforms.ActiveCfg = Debug|Any CPU
		{D9C37AF7-7089-420F-902C-8AEC55DAE498}.Debug|Mixed Platforms.Build.0 = Debug|Any CPU
		{D9C37AF7-7089-420F-902C-8AEC55DAE498}.Debug|x86.ActiveCfg = Debug|Any CPU
		{D9C37AF7-7089-420F-902C-8AEC55DAE498}.DebugMono|Any CPU.ActiveCfg = DebugMono|Any CPU
		{D9C37AF7-7089-420F-902C-8AEC55DAE498}.DebugMono|Any CPU.Build.0 = DebugMono|Any CPU
		{D9C37AF7-7089-420F-902C-8AEC55DAE498}.DebugMono|Mixed Platforms.ActiveCfg = DebugMono|Any CPU
		{D9C37AF7-7089-420F-902C-8AEC55DAE498}.DebugMono|Mixed Platforms.Build.0 = DebugMono|Any CPU
		{D9C37AF7-7089-420F-902C-8AEC55DAE498}.DebugMono|x86.ActiveCfg = DebugMono|Any CPU
		{D9C37AF7-7089-420F-902C-8AEC55DAE498}.Release|Any CPU.ActiveCfg = Release|Any CPU
		{D9C37AF7-7089-420F-902C-8AEC55DAE498}.Release|Any CPU.Build.0 = Release|Any CPU
		{D9C37AF7-7089-420F-902C-8AEC55DAE498}.Release|Mixed Platforms.ActiveCfg = Release|Any CPU
		{D9C37AF7-7089-420F-902C-8AEC55DAE498}.Release|Mixed Platforms.Build.0 = Release|Any CPU
		{D9C37AF7-7089-420F-902C-8AEC55DAE498}.Release|x86.ActiveCfg = Release|Any CPU
		{D9C37AF7-7089-420F-902C-8AEC55DAE498}.ReleaseMono|Any CPU.ActiveCfg = ReleaseMono|Any CPU
		{D9C37AF7-7089-420F-902C-8AEC55DAE498}.ReleaseMono|Any CPU.Build.0 = ReleaseMono|Any CPU
		{D9C37AF7-7089-420F-902C-8AEC55DAE498}.ReleaseMono|Mixed Platforms.ActiveCfg = ReleaseMono|Any CPU
		{D9C37AF7-7089-420F-902C-8AEC55DAE498}.ReleaseMono|Mixed Platforms.Build.0 = ReleaseMono|Any CPU
		{D9C37AF7-7089-420F-902C-8AEC55DAE498}.ReleaseMono|x86.ActiveCfg = ReleaseMono|Any CPU
	EndGlobalSection
	GlobalSection(SolutionProperties) = preSolution
		HideSolutionNode = FALSE
	EndGlobalSection
EndGlobal
